{
    "_meta": {
        "hash": {
            "sha256": "9fbe5cd0cb99f6bd1567f8342b35ee274ab0376e393ff04630c607745ab0847f"
        },
        "pipfile-spec": 6,
        "requires": {
            "python_version": "3.9"
        },
        "sources": [
            {
                "name": "pypi",
                "url": "https://pypi.org/simple",
                "verify_ssl": true
            }
        ]
    },
    "default": {
        "falcon": {
            "hashes": [
                "sha256:0212df91414c13c08a9cf4023488b2d47956712f712332f420bb0c7bdf39c6fa",
                "sha256:085b30b09ff4bdb31fda0a83a65f427d8dd4b5b5b21058781c38aff9747b5991",
                "sha256:0df4dee0ef89b4de5e2ba4402ac249942b09758a0decdc7a63d5edb3792c4c1c",
                "sha256:16f8735512af3f52473e3eda37e75bf697f6ced5afc3e9dc7110c430777823ab",
                "sha256:1bdf8085877bd049f799a34680d42fa82e2b93dcf8320d092f7e75933d0afcee",
                "sha256:260645c13d477af434fc200ec67734efc41e620b3f6e0479e722897511166b46",
                "sha256:3710b051f54c158310b45b1432a993803cdccb3e167d3e89aa93076ff77d2673",
                "sha256:485ef504d196390ebc0974cefd3f5fab4ad8a3ede4e5a7c0a803f555bcd8da45",
                "sha256:514dee9b6d66408e43fcef9aef2436004cd2e3163625f194dd064fce67269cce",
                "sha256:56b267fa2df7e0400a639cf40a994baac19170425b0b8bbad5a8a81e07f9717d",
                "sha256:65b1798026e3dbd2d323fa9b03f90e3827be4fe0d3c1f9e3ba3d4a7a001de566",
                "sha256:93ec7fc600ffee2377beeeeca32d8171ff305e9267bcd37bba5a7ce8af1e177f",
                "sha256:94fb4582212768ac425d023b7884e60d09a0bd4c5cd50ca8af0272af1cba5da6",
                "sha256:a70fc0f9f115e763effdf9fc6140a2b5df9f37bd2707f3b29e0a1357dbf53784",
                "sha256:a95b6a373b8f6014b0bc7090b1de031c9d237007211ef55a19b60241cf728e61",
                "sha256:a9d5be8902e977ac93aeebf2b8959e2c3d82783d7ea6a1fc80cef5352b83549b",
                "sha256:b1280db58c2af48b1ba24e39674fb6d84389eff5c4772a327a5af606eeead272",
                "sha256:c3abcd37545de531e7dada4113c88f01e86c7596c7c59300769d64ea7771a75e",
                "sha256:c41d84db325881a870e8b7129d5ecfd972fa4323cf77b7119a1d2a21966ee681",
                "sha256:c9a3cf58f9f3c9769bff3b24037b150c9f6658df4c899d68fa433f5acdfdb004",
                "sha256:ce052e91b8325a76ddc2066e35bb032e0be4671cd824f027d1826c68a0fd09e3",
                "sha256:d6c7f9b2063a4c0ac2516df014c5299ae098579e83025d342f31fe1ef8e994d7",
                "sha256:e6afb13a80b6a4383a66093af7bb0e8e02433ca5ebc7516842a6a3f112c844ae",
                "sha256:ee78a9934f8143c5eef9bfe949044c7eab3fef80a51cbc67cf6cb6b34c5613ce",
                "sha256:f1f70c6f086c53b0cc819a0725d3814ad62e105b62d4c4e2c46322f13e7910e7",
                "sha256:fa46751209af4f4882d3d60e430ea586e170bc03e1bd5b08cb16f6b96068febc",
                "sha256:ff4672f3549b00b62e710d3169903d14e37726f04045a0563b56d9af3fba271d"
            ],
            "index": "pypi",
            "version": "==3.0.1"
        },
        "mariadb": {
            "hashes": [
                "sha256:0facd5145ec5bb779634996d089a56606efb4fd7b461e0411eb6e2a913617c8f",
                "sha256:1a28628b6fdc75b12e1749a38c84b4415461fa6af8d832a0f8c131895e3798fa",
                "sha256:2443addb29a5ff282320235db5c9859f4a9a706a78a56b31e88ae0bdf9e0c2f5",
                "sha256:34cbbdbc270ab550cab8f5229c40721d08dac937e98502afdf78cd4885cfe051",
                "sha256:4b7b1b307a30a3cb12272d9b1dca0d13b66bd3d415b4aceb0a407f0983f341a3",
                "sha256:652ace29934700e7af11c052cb9efa8279b2f36d7c3404c18a68f44f113cf79b",
                "sha256:813d9df4f9ff4f0613e8da0ac56b53bf44d17186ea3415f49e150ba2b3837f7d",
                "sha256:8346e3a0b918e9b4413268996448dd080b5416fd57eb8895577f66e280c1492c",
                "sha256:cf3db9c5b3dbacf6854a79df65605b8f4602c07014a59d376e51006c32fef705",
                "sha256:e4a1295889b482d184a5e87e1b4bb32dcc39665803c732b08fd6a5da96d13b7f",
                "sha256:f221ac4b341c6371739b05817bdd3d0fd812b8dfa39aca370067e56bf1f24d5a"
            ],
            "index": "pypi",
            "version": "==1.0.8"
        },
        "redis": {
            "hashes": [
                "sha256:0e7e0cfca8660dea8b7d5cd8c4f6c5e29e11f31158c0b0ae91a397f00e5a05a2",
                "sha256:432b788c4530cfe16d8d943a09d40ca6c16149727e4afe8c2c9d5580c59d9f24"
            ],
            "index": "pypi",
            "version": "==3.5.3"
        }
    },
    "develop": {}
}
